
Microsoft Visual Studio Solution File, Format Version 12.00
# Visual Studio Version 17
VisualStudioVersion = 17.11.35327.3
MinimumVisualStudioVersion = 10.0.40219.1
Project("{FAE04EC0-301F-11D3-BF4B-00C04F79EFBC}") = "soelaketc", "soelaketc\soelaketc.csproj", "{9F480D0C-2652-467E-B65F-206CAA9E9980}"
EndProject
Global
	GlobalSection(SolutionConfigurationPlatforms) = preSolution
		Debug|Any CPU = Debug|Any CPU
		Release|Any CPU = Release|Any CPU
	EndGlobalSection
	GlobalSection(ProjectConfigurationPlatforms) = postSolution
		{9F480D0C-2652-467E-B65F-206CAA9E9980}.Debug|Any CPU.ActiveCfg = Debug|Any CPU
		{9F480D0C-2652-467E-B65F-206CAA9E9980}.Debug|Any CPU.Build.0 = Debug|Any CPU
		{9F480D0C-2652-467E-B65F-206CAA9E9980}.Release|Any CPU.ActiveCfg = Release|Any CPU
		{9F480D0C-2652-467E-B65F-206CAA9E9980}.Release|Any CPU.Build.0 = Release|Any CPU
	EndGlobalSection
	GlobalSection(SolutionProperties) = preSolution
		HideSolutionNode = FALSE
	EndGlobalSection
	GlobalSection(ExtensibilityGlobals) = postSolution
		SolutionGuid = {537FB16F-0171-4627-A007-B3D29669FEAC}
	EndGlobalSection
EndGlobal
